
Microsoft Visual Studio Solution File, Format Version 12.00
# Visual Studio 15
VisualStudioVersion = 15.0.26124.0
MinimumVisualStudioVersion = 15.0.26124.0
Project("{2150E333-8FDC-42A3-9474-1A3956D46DE8}") = "src", "src", "{A31FA6B1-4DAC-4EEA-90F8-C1FA802B64B9}"
EndProject
Project("{FAE04EC0-301F-11D3-BF4B-00C04F79EFBC}") = "Soddi", "src\Soddi\Soddi.csproj", "{2E571523-0C10-498D-A372-800EEA11B6CB}"
EndProject
Project("{2150E333-8FDC-42A3-9474-1A3956D46DE8}") = "tests", "tests", "{E46CB2E3-C6F6-4955-8BD8-A4CA3ACC5B4E}"
EndProject
Project("{FAE04EC0-301F-11D3-BF4B-00C04F79EFBC}") = "Soddi.Tests", "tests\Soddi.Tests\Soddi.Tests.csproj", "{A5B912CA-F298-4948-A346-49841F2A5D8D}"
EndProject
Global
	GlobalSection(SolutionConfigurationPlatforms) = preSolution
		Debug|Any CPU = Debug|Any CPU
		Debug|x64 = Debug|x64
		Debug|x86 = Debug|x86
		Release|Any CPU = Release|Any CPU
		Release|x64 = Release|x64
		Release|x86 = Release|x86
	EndGlobalSection
	GlobalSection(SolutionProperties) = preSolution
		HideSolutionNode = FALSE
	EndGlobalSection
	GlobalSection(ProjectConfigurationPlatforms) = postSolution
		{2E571523-0C10-498D-A372-800EEA11B6CB}.Debug|Any CPU.ActiveCfg = Debug|Any CPU
		{2E571523-0C10-498D-A372-800EEA11B6CB}.Debug|Any CPU.Build.0 = Debug|Any CPU
		{2E571523-0C10-498D-A372-800EEA11B6CB}.Debug|x64.ActiveCfg = Debug|Any CPU
		{2E571523-0C10-498D-A372-800EEA11B6CB}.Debug|x64.Build.0 = Debug|Any CPU
		{2E571523-0C10-498D-A372-800EEA11B6CB}.Debug|x86.ActiveCfg = Debug|Any CPU
		{2E571523-0C10-498D-A372-800EEA11B6CB}.Debug|x86.Build.0 = Debug|Any CPU
		{2E571523-0C10-498D-A372-800EEA11B6CB}.Release|Any CPU.ActiveCfg = Release|Any CPU
		{2E571523-0C10-498D-A372-800EEA11B6CB}.Release|Any CPU.Build.0 = Release|Any CPU
		{2E571523-0C10-498D-A372-800EEA11B6CB}.Release|x64.ActiveCfg = Release|Any CPU
		{2E571523-0C10-498D-A372-800EEA11B6CB}.Release|x64.Build.0 = Release|Any CPU
		{2E571523-0C10-498D-A372-800EEA11B6CB}.Release|x86.ActiveCfg = Release|Any CPU
		{2E571523-0C10-498D-A372-800EEA11B6CB}.Release|x86.Build.0 = Release|Any CPU
		{A5B912CA-F298-4948-A346-49841F2A5D8D}.Debug|Any CPU.ActiveCfg = Debug|Any CPU
		{A5B912CA-F298-4948-A346-49841F2A5D8D}.Debug|Any CPU.Build.0 = Debug|Any CPU
		{A5B912CA-F298-4948-A346-49841F2A5D8D}.Debug|x64.ActiveCfg = Debug|Any CPU
		{A5B912CA-F298-4948-A346-49841F2A5D8D}.Debug|x64.Build.0 = Debug|Any CPU
		{A5B912CA-F298-4948-A346-49841F2A5D8D}.Debug|x86.ActiveCfg = Debug|Any CPU
		{A5B912CA-F298-4948-A346-49841F2A5D8D}.Debug|x86.Build.0 = Debug|Any CPU
		{A5B912CA-F298-4948-A346-49841F2A5D8D}.Release|Any CPU.ActiveCfg = Release|Any CPU
		{A5B912CA-F298-4948-A346-49841F2A5D8D}.Release|Any CPU.Build.0 = Release|Any CPU
		{A5B912CA-F298-4948-A346-49841F2A5D8D}.Release|x64.ActiveCfg = Release|Any CPU
		{A5B912CA-F298-4948-A346-49841F2A5D8D}.Release|x64.Build.0 = Release|Any CPU
		{A5B912CA-F298-4948-A346-49841F2A5D8D}.Release|x86.ActiveCfg = Release|Any CPU
		{A5B912CA-F298-4948-A346-49841F2A5D8D}.Release|x86.Build.0 = Release|Any CPU
	EndGlobalSection
	GlobalSection(NestedProjects) = preSolution
		{2E571523-0C10-498D-A372-800EEA11B6CB} = {A31FA6B1-4DAC-4EEA-90F8-C1FA802B64B9}
		{A5B912CA-F298-4948-A346-49841F2A5D8D} = {E46CB2E3-C6F6-4955-8BD8-A4CA3ACC5B4E}
	EndGlobalSection
EndGlobal
